
Microsoft Visual Studio Solution File, Format Version 12.00
# Visual Studio 15
VisualStudioVersion = 15.0.27703.2000
MinimumVisualStudioVersion = 10.0.40219.1
Project("{FAE04EC0-301F-11D3-BF4B-00C04F79EFBC}") = "Args", "Args.csproj", "{3AEFB0CA-BF0B-440C-8354-85CC561C5BFD}"
EndProject
Project("{FAE04EC0-301F-11D3-BF4B-00C04F79EFBC}") = "Test", ".\Test\Test.csproj", "{CAF8783C-1EE0-4F10-ACFD-74D288BA4210}"
EndProject
Global
	GlobalSection(SolutionConfigurationPlatforms) = preSolution
		Debug|Any CPU = Debug|Any CPU
		Release|Any CPU = Release|Any CPU
	EndGlobalSection
	GlobalSection(ProjectConfigurationPlatforms) = postSolution
		{3AEFB0CA-BF0B-440C-8354-85CC561C5BFD}.Debug|Any CPU.ActiveCfg = Debug|Any CPU
		{3AEFB0CA-BF0B-440C-8354-85CC561C5BFD}.Debug|Any CPU.Build.0 = Debug|Any CPU
		{3AEFB0CA-BF0B-440C-8354-85CC561C5BFD}.Release|Any CPU.ActiveCfg = Release|Any CPU
		{3AEFB0CA-BF0B-440C-8354-85CC561C5BFD}.Release|Any CPU.Build.0 = Release|Any CPU
		{CAF8783C-1EE0-4F10-ACFD-74D288BA4210}.Debug|Any CPU.ActiveCfg = Debug|Any CPU
		{CAF8783C-1EE0-4F10-ACFD-74D288BA4210}.Debug|Any CPU.Build.0 = Debug|Any CPU
		{CAF8783C-1EE0-4F10-ACFD-74D288BA4210}.Release|Any CPU.ActiveCfg = Release|Any CPU
		{CAF8783C-1EE0-4F10-ACFD-74D288BA4210}.Release|Any CPU.Build.0 = Release|Any CPU
	EndGlobalSection
	GlobalSection(SolutionProperties) = preSolution
		HideSolutionNode = FALSE
	EndGlobalSection
	GlobalSection(ExtensibilityGlobals) = postSolution
		SolutionGuid = {BEE0633C-79DF-48FC-8DA3-D4A18E6404B4}
	EndGlobalSection
EndGlobal
